
Microsoft Visual Studio Solution File, Format Version 12.00
# Visual Studio Version 17
VisualStudioVersion = 17.4.33403.182
MinimumVisualStudioVersion = 10.0.40219.1
Project("{FAE04EC0-301F-11D3-BF4B-00C04F79EFBC}") = "QPL.WebApp", "QPL.WebApp\QPL.WebApp.csproj", "{374DD4B3-38F6-4044-9B18-35B2508B4F96}"
EndProject
Project("{FAE04EC0-301F-11D3-BF4B-00C04F79EFBC}") = "QPL.DAL", "QPL.DAL\QPL.DAL.csproj", "{64BBABCC-368E-4111-89A1-FC8B988DC9AD}"
EndProject
Project("{FAE04EC0-301F-11D3-BF4B-00C04F79EFBC}") = "QPL.BL", "QPL.BL\QPL.BL.csproj", "{0455C1FB-D738-41F0-9E97-C1E19F225727}"
EndProject
Project("{FAE04EC0-301F-11D3-BF4B-00C04F79EFBC}") = "QPL.WebAbb.Test", "QPL.WebAbb.Test\QPL.WebAbb.Test.csproj", "{3D30DD5C-727E-47D0-8C8A-03012548631C}"
EndProject
Global
	GlobalSection(SolutionConfigurationPlatforms) = preSolution
		Debug|Any CPU = Debug|Any CPU
		Release|Any CPU = Release|Any CPU
	EndGlobalSection
	GlobalSection(ProjectConfigurationPlatforms) = postSolution
		{374DD4B3-38F6-4044-9B18-35B2508B4F96}.Debug|Any CPU.ActiveCfg = Debug|Any CPU
		{374DD4B3-38F6-4044-9B18-35B2508B4F96}.Debug|Any CPU.Build.0 = Debug|Any CPU
		{374DD4B3-38F6-4044-9B18-35B2508B4F96}.Release|Any CPU.ActiveCfg = Release|Any CPU
		{374DD4B3-38F6-4044-9B18-35B2508B4F96}.Release|Any CPU.Build.0 = Release|Any CPU
		{64BBABCC-368E-4111-89A1-FC8B988DC9AD}.Debug|Any CPU.ActiveCfg = Debug|Any CPU
		{64BBABCC-368E-4111-89A1-FC8B988DC9AD}.Debug|Any CPU.Build.0 = Debug|Any CPU
		{64BBABCC-368E-4111-89A1-FC8B988DC9AD}.Release|Any CPU.ActiveCfg = Release|Any CPU
		{64BBABCC-368E-4111-89A1-FC8B988DC9AD}.Release|Any CPU.Build.0 = Release|Any CPU
		{0455C1FB-D738-41F0-9E97-C1E19F225727}.Debug|Any CPU.ActiveCfg = Debug|Any CPU
		{0455C1FB-D738-41F0-9E97-C1E19F225727}.Debug|Any CPU.Build.0 = Debug|Any CPU
		{0455C1FB-D738-41F0-9E97-C1E19F225727}.Release|Any CPU.ActiveCfg = Release|Any CPU
		{0455C1FB-D738-41F0-9E97-C1E19F225727}.Release|Any CPU.Build.0 = Release|Any CPU
		{3D30DD5C-727E-47D0-8C8A-03012548631C}.Debug|Any CPU.ActiveCfg = Debug|Any CPU
		{3D30DD5C-727E-47D0-8C8A-03012548631C}.Debug|Any CPU.Build.0 = Debug|Any CPU
		{3D30DD5C-727E-47D0-8C8A-03012548631C}.Release|Any CPU.ActiveCfg = Release|Any CPU
		{3D30DD5C-727E-47D0-8C8A-03012548631C}.Release|Any CPU.Build.0 = Release|Any CPU
	EndGlobalSection
	GlobalSection(SolutionProperties) = preSolution
		HideSolutionNode = FALSE
	EndGlobalSection
	GlobalSection(ExtensibilityGlobals) = postSolution
		SolutionGuid = {296E09FC-BE8B-4B7D-8092-A865D4D5351A}
	EndGlobalSection
EndGlobal
